# THIS IS AN AUTOGENERATED FILE. DO NOT EDIT THIS FILE DIRECTLY.
# yarn lockfile v1


"@babel/runtime@^7.16.5":
  version "7.16.5"
  resolved "https://registry.yarnpkg.com/@babel/runtime/-/runtime-7.16.5.tgz#7f3e34bf8bdbbadf03fbb7b1ea0d929569c9487a"
  integrity sha512-TXWihFIS3Pyv5hzR7j6ihmeLkZfrXGxAr5UfSl8CHf+6q/wpiYDkUau0czckpYG8QmnCIuPpdLtuA9VmuGGyMA==
  dependencies:
    regenerator-runtime "^0.13.4"

"@gqty/cli@^3.0.1":
  version "3.0.1"
  resolved "https://registry.yarnpkg.com/@gqty/cli/-/cli-3.0.1.tgz#97d31b0e8782e02075604485a568489517d6bca0"
  integrity sha512-/Y4kO9O2DwMkUMrC0hDoiwVsMILEqXyP3UuBWIhCgpPOJzDGwMPMGXmzu/+CV35anKgRjWV+dBE39O5JthYkiA==
  dependencies:
    gqty "^2.1.0"

"@gqty/react@^2.1.0":
  version "2.1.0"
  resolved "https://registry.yarnpkg.com/@gqty/react/-/react-2.1.0.tgz#fed7aaa9a3c05e510b072fdb96107170b1634319"
  integrity sha512-aTQEE2voYBqvgLhOs1VgBczL/EUVnbYHFzY1HKCNONH+MyLW0SClGXUcAPcHYEAgkfUfJlbM8egPd5cY1aJZDg==
  dependencies:
    react-ssr-prepass "^1.4.0"

gqty@^2.1.0:
  version "2.1.0"
  resolved "https://registry.yarnpkg.com/gqty/-/gqty-2.1.0.tgz#3ee81f4781a079eae2dac4a45a98dafb9ddd0bc9"
  integrity sha512-ncUvTivsa6hWH9Ro1pKq9GneRqbtL37cxcFtvOrxeHC2JXVQC+f7UHdTdDpkSETSy5U7X4+jGBxXDXTxsTYi9w==
  dependencies:
    lodash "^4.17.21"

graphql@^16.2.0:
  version "16.2.0"
  resolved "https://registry.yarnpkg.com/graphql/-/graphql-16.2.0.tgz#de3150e80f1fc009590b92a9d16ab1b46e12b656"
  integrity sha512-MuQd7XXrdOcmfwuLwC2jNvx0n3rxIuNYOxUtiee5XOmfrWo613ar2U8pE7aHAKh8VwfpifubpD9IP+EdEAEOsA==

lodash@^4.17.21:
  version "4.17.21"
  resolved "https://registry.yarnpkg.com/lodash/-/lodash-4.17.21.tgz#679591c564c3bffaae8454cf0b3df370c3d6911c"
  integrity sha512-v2kDEe57lecTulaDIuNTPy3Ry4gLGJ6Z1O3vE1krgXZNrsQ+LFTGHVxVjcXPs17LhbZVGedAJv8XZ1tvj5FvSg==

react-ssr-prepass@^1.4.0:
  version "1.4.0"
  resolved "https://registry.yarnpkg.com/react-ssr-prepass/-/react-ssr-prepass-1.4.0.tgz#33a3db19414f0f8f9f3f781c88f760ae366b4f51"
  integrity sha512-0SzdmiQUtHvhxCabHg9BI/pkJfijGkQ0jQL6fC4YFy7idaDOuaiQLsajIkkNxffFXtJFHIWFITlve2WB88e0Jw==

regenerator-runtime@^0.13.4:
  version "0.13.9"
  resolved "https://registry.yarnpkg.com/regenerator-runtime/-/regenerator-runtime-0.13.9.tgz#8925742a98ffd90814988d7566ad30ca3b263b52"
  integrity sha512-p3VT+cOEgxFsRRA9X4lkI1E+k2/CtnKtU4gcxyaCUreilL/vqI6CdZ3wxVUx3UOUg+gnUOQQcRI7BmSI656MYA==

typescript@^4.5.4:
  version "4.5.4"
  resolved "https://registry.yarnpkg.com/typescript/-/typescript-4.5.4.tgz#a17d3a0263bf5c8723b9c52f43c5084edf13c2e8"
  integrity sha512-VgYs2A2QIRuGphtzFV7aQJduJ2gyfTljngLzjpfW9FoYZF6xuw1W0vW9ghCKLfcWrCFxK81CSGRAvS1pn4fIUg==
